
Microsoft Visual Studio Solution File, Format Version 12.00
# Visual Studio Version 16
VisualStudioVersion = 16.0.31205.134
MinimumVisualStudioVersion = 10.0.40219.1
Project("{9A19103F-16F7-4668-BE54-9A1E7A4F7556}") = "AsymmetriskKryptering.Sender.WPF", "AsymmetriskKryptering.Sender.WPF.csproj", "{F50616F5-6AEC-4307-A353-8C4FC599A826}"
EndProject
Project("{FAE04EC0-301F-11D3-BF4B-00C04F79EFBC}") = "AsymmetriskKryptering.RsaEncryption", "..\AsymmetriskKryptering.RsaEncryption\AsymmetriskKryptering.RsaEncryption.csproj", "{DE5E1A0B-0CFF-4684-811C-8980134671AF}"
EndProject
Global
	GlobalSection(SolutionConfigurationPlatforms) = preSolution
		Debug|Any CPU = Debug|Any CPU
		Release|Any CPU = Release|Any CPU
	EndGlobalSection
	GlobalSection(ProjectConfigurationPlatforms) = postSolution
		{F50616F5-6AEC-4307-A353-8C4FC599A826}.Debug|Any CPU.ActiveCfg = Debug|Any CPU
		{F50616F5-6AEC-4307-A353-8C4FC599A826}.Debug|Any CPU.Build.0 = Debug|Any CPU
		{F50616F5-6AEC-4307-A353-8C4FC599A826}.Release|Any CPU.ActiveCfg = Release|Any CPU
		{F50616F5-6AEC-4307-A353-8C4FC599A826}.Release|Any CPU.Build.0 = Release|Any CPU
		{DE5E1A0B-0CFF-4684-811C-8980134671AF}.Debug|Any CPU.ActiveCfg = Debug|Any CPU
		{DE5E1A0B-0CFF-4684-811C-8980134671AF}.Debug|Any CPU.Build.0 = Debug|Any CPU
		{DE5E1A0B-0CFF-4684-811C-8980134671AF}.Release|Any CPU.ActiveCfg = Release|Any CPU
		{DE5E1A0B-0CFF-4684-811C-8980134671AF}.Release|Any CPU.Build.0 = Release|Any CPU
	EndGlobalSection
	GlobalSection(SolutionProperties) = preSolution
		HideSolutionNode = FALSE
	EndGlobalSection
	GlobalSection(ExtensibilityGlobals) = postSolution
		SolutionGuid = {8F366D11-9400-4201-9C33-3EED8C56AFE3}
	EndGlobalSection
EndGlobal
